
Microsoft Visual Studio Solution File, Format Version 12.00
# Visual Studio Version 17
VisualStudioVersion = 17.10.35027.167
MinimumVisualStudioVersion = 10.0.40219.1
Project("{9A19103F-16F7-4668-BE54-9A1E7A4F7556}") = "ThermalConverter", "ThermalConverter.csproj", "{B6A1C7C8-D114-40A9-9D7A-CB532CDD15B2}"
EndProject
Project("{FAE04EC0-301F-11D3-BF4B-00C04F79EFBC}") = "ThermalConverterWebApi", "ThermalConverterWebApi\ThermalConverterWebApi.csproj", "{6764CA14-E08A-4586-8ABE-289ABD7AB83C}"
EndProject
Global
	GlobalSection(SolutionConfigurationPlatforms) = preSolution
		Debug|Any CPU = Debug|Any CPU
		Release|Any CPU = Release|Any CPU
	EndGlobalSection
	GlobalSection(ProjectConfigurationPlatforms) = postSolution
		{B6A1C7C8-D114-40A9-9D7A-CB532CDD15B2}.Debug|Any CPU.ActiveCfg = Debug|Any CPU
		{B6A1C7C8-D114-40A9-9D7A-CB532CDD15B2}.Debug|Any CPU.Build.0 = Debug|Any CPU
		{B6A1C7C8-D114-40A9-9D7A-CB532CDD15B2}.Release|Any CPU.ActiveCfg = Release|Any CPU
		{B6A1C7C8-D114-40A9-9D7A-CB532CDD15B2}.Release|Any CPU.Build.0 = Release|Any CPU
		{6764CA14-E08A-4586-8ABE-289ABD7AB83C}.Debug|Any CPU.ActiveCfg = Debug|Any CPU
		{6764CA14-E08A-4586-8ABE-289ABD7AB83C}.Debug|Any CPU.Build.0 = Debug|Any CPU
		{6764CA14-E08A-4586-8ABE-289ABD7AB83C}.Release|Any CPU.ActiveCfg = Release|Any CPU
		{6764CA14-E08A-4586-8ABE-289ABD7AB83C}.Release|Any CPU.Build.0 = Release|Any CPU
	EndGlobalSection
	GlobalSection(SolutionProperties) = preSolution
		HideSolutionNode = FALSE
	EndGlobalSection
	GlobalSection(ExtensibilityGlobals) = postSolution
		SolutionGuid = {3F89CD44-4AE7-4642-B4EF-A3976901DAE9}
	EndGlobalSection
EndGlobal
